
Microsoft Visual Studio Solution File, Format Version 12.00
# Visual Studio Version 16
VisualStudioVersion = 16.0.29519.181
MinimumVisualStudioVersion = 10.0.40219.1
Project("{8BC9CEB8-8B4A-11D0-8D11-00A0C91BC942}") = "Core", "Core\Core.vcxproj", "{B26CD943-9880-4B5C-8184-B0D947B68333}"
EndProject
Project("{8BC9CEB8-8B4A-11D0-8D11-00A0C91BC942}") = "Editor", "Editor\Editor.vcxproj", "{9C28CD1A-2AF4-40E4-A177-D7CBBB25559D}"
EndProject
Project("{8BC9CEB8-8B4A-11D0-8D11-00A0C91BC942}") = "Tests", "Tests\Tests.vcxproj", "{F9F40E4C-6A5A-4198-A560-2C141D2703FE}"
EndProject
Global
	GlobalSection(SolutionConfigurationPlatforms) = preSolution
		Debug|x64 = Debug|x64
		Debug|x86 = Debug|x86
		Release|x64 = Release|x64
		Release|x86 = Release|x86
	EndGlobalSection
	GlobalSection(ProjectConfigurationPlatforms) = postSolution
		{B26CD943-9880-4B5C-8184-B0D947B68333}.Debug|x64.ActiveCfg = Debug|x64
		{B26CD943-9880-4B5C-8184-B0D947B68333}.Debug|x64.Build.0 = Debug|x64
		{B26CD943-9880-4B5C-8184-B0D947B68333}.Debug|x86.ActiveCfg = Debug|Win32
		{B26CD943-9880-4B5C-8184-B0D947B68333}.Debug|x86.Build.0 = Debug|Win32
		{B26CD943-9880-4B5C-8184-B0D947B68333}.Release|x64.ActiveCfg = Release|x64
		{B26CD943-9880-4B5C-8184-B0D947B68333}.Release|x64.Build.0 = Release|x64
		{B26CD943-9880-4B5C-8184-B0D947B68333}.Release|x86.ActiveCfg = Release|Win32
		{B26CD943-9880-4B5C-8184-B0D947B68333}.Release|x86.Build.0 = Release|Win32
		{9C28CD1A-2AF4-40E4-A177-D7CBBB25559D}.Debug|x64.ActiveCfg = Debug|x64
		{9C28CD1A-2AF4-40E4-A177-D7CBBB25559D}.Debug|x64.Build.0 = Debug|x64
		{9C28CD1A-2AF4-40E4-A177-D7CBBB25559D}.Debug|x86.ActiveCfg = Debug|Win32
		{9C28CD1A-2AF4-40E4-A177-D7CBBB25559D}.Debug|x86.Build.0 = Debug|Win32
		{9C28CD1A-2AF4-40E4-A177-D7CBBB25559D}.Release|x64.ActiveCfg = Release|x64
		{9C28CD1A-2AF4-40E4-A177-D7CBBB25559D}.Release|x64.Build.0 = Release|x64
		{9C28CD1A-2AF4-40E4-A177-D7CBBB25559D}.Release|x86.ActiveCfg = Release|Win32
		{9C28CD1A-2AF4-40E4-A177-D7CBBB25559D}.Release|x86.Build.0 = Release|Win32
		{F9F40E4C-6A5A-4198-A560-2C141D2703FE}.Debug|x64.ActiveCfg = Debug|x64
		{F9F40E4C-6A5A-4198-A560-2C141D2703FE}.Debug|x64.Build.0 = Debug|x64
		{F9F40E4C-6A5A-4198-A560-2C141D2703FE}.Debug|x86.ActiveCfg = Debug|Win32
		{F9F40E4C-6A5A-4198-A560-2C141D2703FE}.Debug|x86.Build.0 = Debug|Win32
		{F9F40E4C-6A5A-4198-A560-2C141D2703FE}.Release|x64.ActiveCfg = Release|x64
		{F9F40E4C-6A5A-4198-A560-2C141D2703FE}.Release|x64.Build.0 = Release|x64
		{F9F40E4C-6A5A-4198-A560-2C141D2703FE}.Release|x86.ActiveCfg = Release|Win32
		{F9F40E4C-6A5A-4198-A560-2C141D2703FE}.Release|x86.Build.0 = Release|Win32
	EndGlobalSection
	GlobalSection(SolutionProperties) = preSolution
		HideSolutionNode = FALSE
	EndGlobalSection
	GlobalSection(ExtensibilityGlobals) = postSolution
		SolutionGuid = {18F03058-2317-4BD3-9659-224E52D92E65}
	EndGlobalSection
EndGlobal
