<?xml version="1.0" encoding="utf-8"?>
<Project ToolsVersion="4.0" xmlns="http://schemas.microsoft.com/developer/msbuild/2003">
  <ItemGroup>
    <Filter Include="Quelldateien">
      <UniqueIdentifier>{4FC737F1-C7A5-4376-A066-2A32D752A2FF}</UniqueIdentifier>
      <Extensions>cpp;c;cc;cxx;def;odl;idl;hpj;bat;asm;asmx</Extensions>
    </Filter>
    <Filter Include="Headerdateien">
      <UniqueIdentifier>{93995380-89BD-4b04-88EB-625FBE52EBFB}</UniqueIdentifier>
      <Extensions>h;hh;hpp;hxx;hm;inl;inc;ipp;xsd</Extensions>
    </Filter>
    <Filter Include="Ressourcendateien">
      <UniqueIdentifier>{67DA6AB6-F800-4c08-8B7A-83BB121AAD01}</UniqueIdentifier>
      <Extensions>rc;ico;cur;bmp;dlg;rc2;rct;bin;rgs;gif;jpg;jpeg;jpe;resx;tiff;tif;png;wav;mfcribbon-ms</Extensions>
    </Filter>
    <Filter Include="Headerdateien\Tools">
      <UniqueIdentifier>{f4f1b020-f2e1-4ff3-9fbd-db88055c7e1d}</UniqueIdentifier>
    </Filter>
    <Filter Include="Quelldateien\Tools">
      <UniqueIdentifier>{0b7f7942-ae73-4162-b6f6-ef76b8d50968}</UniqueIdentifier>
    </Filter>
    <Filter Include="Headerdateien\Logging">
      <UniqueIdentifier>{4d618b0b-44a2-4add-90ec-bc19e38986b5}</UniqueIdentifier>
    </Filter>
    <Filter Include="Quelldateien\Logging">
      <UniqueIdentifier>{8c87d838-ee4a-4022-88dc-50cd447e1bfa}</UniqueIdentifier>
    </Filter>
    <Filter Include="Headerdateien\XMLParser">
      <UniqueIdentifier>{2d860837-7ede-4625-8577-7a0e91fa9e33}</UniqueIdentifier>
    </Filter>
    <Filter Include="Quelldateien\XMLParser">
      <UniqueIdentifier>{c399dd5d-d571-4656-8ce8-9c5accd40658}</UniqueIdentifier>
    </Filter>
  </ItemGroup>
  <ItemGroup>
    <ClInclude Include="Player.h">
      <Filter>Headerdateien</Filter>
    </ClInclude>
    <ClInclude Include="Team.h">
      <Filter>Headerdateien</Filter>
    </ClInclude>
    <ClInclude Include="PlayerFactory.h">
      <Filter>Headerdateien</Filter>
    </ClInclude>
    <ClInclude Include="TeamFactory.h">
      <Filter>Headerdateien</Filter>
    </ClInclude>
    <ClInclude Include="RandomNumberGenerator.h">
      <Filter>Headerdateien\Tools</Filter>
    </ClInclude>
    <ClInclude Include="NameGenerator.h">
      <Filter>Headerdateien\Tools</Filter>
    </ClInclude>
    <ClInclude Include="LoggingFacility.h">
      <Filter>Headerdateien\Logging</Filter>
    </ClInclude>
    <ClInclude Include="StandardOutputLogger.h">
      <Filter>Headerdateien\Logging</Filter>
    </ClInclude>
    <ClInclude Include="easylogging++.h">
      <Filter>Headerdateien\Logging</Filter>
    </ClInclude>
    <ClInclude Include="LoggerFactory.h">
      <Filter>Headerdateien\Logging</Filter>
    </ClInclude>
    <ClInclude Include="FilesystemLogger.h">
      <Filter>Headerdateien\Logging</Filter>
    </ClInclude>
    <ClInclude Include="tinyxml2.h">
      <Filter>Headerdateien\XMLParser</Filter>
    </ClInclude>
    <ClInclude Include="rapidxml.hpp">
      <Filter>Headerdateien\XMLParser</Filter>
    </ClInclude>
    <ClInclude Include="rapidxml_iterators.hpp">
      <Filter>Headerdateien\XMLParser</Filter>
    </ClInclude>
    <ClInclude Include="rapidxml_print.hpp">
      <Filter>Headerdateien\XMLParser</Filter>
    </ClInclude>
    <ClInclude Include="rapidxml_utils.hpp">
      <Filter>Headerdateien\XMLParser</Filter>
    </ClInclude>
    <ClInclude Include="XMLParserFacility.h">
      <Filter>Headerdateien\XMLParser</Filter>
    </ClInclude>
    <ClInclude Include="TinyXMLParser.h">
      <Filter>Headerdateien\XMLParser</Filter>
    </ClInclude>
    <ClInclude Include="RapidXMLParser.h">
      <Filter>Headerdateien\XMLParser</Filter>
    </ClInclude>
    <ClInclude Include="Referee.h">
      <Filter>Headerdateien</Filter>
    </ClInclude>
    <ClInclude Include="XMLParserFactory.h">
      <Filter>Headerdateien\XMLParser</Filter>
    </ClInclude>
    <ClInclude Include="A3LegacyReader.h">
      <Filter>Headerdateien</Filter>
    </ClInclude>
    <ClInclude Include="Country.h">
      <Filter>Headerdateien</Filter>
    </ClInclude>
    <ClInclude Include="Person.h">
      <Filter>Headerdateien</Filter>
    </ClInclude>
    <ClInclude Include="Trainer.h">
      <Filter>Headerdateien</Filter>
    </ClInclude>
    <ClInclude Include="Manager.h">
      <Filter>Headerdateien</Filter>
    </ClInclude>
    <ClInclude Include="ManagerFactory.h">
      <Filter>Headerdateien</Filter>
    </ClInclude>
    <ClInclude Include="TrainerFactory.h">
      <Filter>Headerdateien</Filter>
    </ClInclude>
    <ClInclude Include="StadiumFactory.h">
      <Filter>Headerdateien</Filter>
    </ClInclude>
    <ClInclude Include="Stadium.h">
      <Filter>Headerdateien</Filter>
    </ClInclude>
  </ItemGroup>
  <ItemGroup>
    <ClCompile Include="Player.cpp">
      <Filter>Quelldateien</Filter>
    </ClCompile>
    <ClCompile Include="Team.cpp">
      <Filter>Quelldateien</Filter>
    </ClCompile>
    <ClCompile Include="main.cpp">
      <Filter>Quelldateien</Filter>
    </ClCompile>
    <ClCompile Include="PlayerFactory.cpp">
      <Filter>Quelldateien</Filter>
    </ClCompile>
    <ClCompile Include="NameGenerator.cpp">
      <Filter>Quelldateien\Tools</Filter>
    </ClCompile>
    <ClCompile Include="RandomNumberGenerator.cpp">
      <Filter>Quelldateien\Tools</Filter>
    </ClCompile>
    <ClCompile Include="easylogging++.cpp">
      <Filter>Quelldateien\Logging</Filter>
    </ClCompile>
    <ClCompile Include="tinyxml2.cpp">
      <Filter>Quelldateien\XMLParser</Filter>
    </ClCompile>
    <ClCompile Include="TinyXMLParser.cpp">
      <Filter>Quelldateien\XMLParser</Filter>
    </ClCompile>
    <ClCompile Include="RapidXMLParser.cpp">
      <Filter>Quelldateien\XMLParser</Filter>
    </ClCompile>
    <ClCompile Include="TeamFactory.cpp">
      <Filter>Quelldateien</Filter>
    </ClCompile>
    <ClCompile Include="A3LegacyReader.cpp">
      <Filter>Quelldateien</Filter>
    </ClCompile>
    <ClCompile Include="ManagerFactory.cpp">
      <Filter>Quelldateien</Filter>
    </ClCompile>
    <ClCompile Include="TrainerFactory.cpp">
      <Filter>Quelldateien</Filter>
    </ClCompile>
    <ClCompile Include="StadiumFactory.cpp">
      <Filter>Quelldateien</Filter>
    </ClCompile>
  </ItemGroup>
  <ItemGroup>
    <None Include="logger.conf" />
  </ItemGroup>
</Project>