<?xml version="1.0" encoding="utf-8"?>
<Project ToolsVersion="4.0" xmlns="http://schemas.microsoft.com/developer/msbuild/2003">
  <ItemGroup>
    <Filter Include="Quelldateien">
      <UniqueIdentifier>{4FC737F1-C7A5-4376-A066-2A32D752A2FF}</UniqueIdentifier>
      <Extensions>cpp;c;cc;cxx;def;odl;idl;hpj;bat;asm;asmx</Extensions>
    </Filter>
    <Filter Include="Headerdateien">
      <UniqueIdentifier>{93995380-89BD-4b04-88EB-625FBE52EBFB}</UniqueIdentifier>
      <Extensions>h;hh;hpp;hxx;hm;inl;inc;ipp;xsd</Extensions>
    </Filter>
    <Filter Include="Ressourcendateien">
      <UniqueIdentifier>{67DA6AB6-F800-4c08-8B7A-83BB121AAD01}</UniqueIdentifier>
      <Extensions>rc;ico;cur;bmp;dlg;rc2;rct;bin;rgs;gif;jpg;jpeg;jpe;resx;tiff;tif;png;wav;mfcribbon-ms</Extensions>
    </Filter>
    <Filter Include="Headerdateien\Tools">
      <UniqueIdentifier>{5ff44130-c8fd-4dd4-bd48-15f3835f4896}</UniqueIdentifier>
    </Filter>
    <Filter Include="Quelldateien\Tools">
      <UniqueIdentifier>{1ef17d9e-bcb5-4640-ad28-832fbe5ba720}</UniqueIdentifier>
    </Filter>
  </ItemGroup>
  <ItemGroup>
    <ClCompile Include="App.cpp">
      <Filter>Quelldateien</Filter>
    </ClCompile>
    <ClCompile Include="DialogClubselect.cpp">
      <Filter>Quelldateien</Filter>
    </ClCompile>
    <ClCompile Include="DialogCountryselect.cpp">
      <Filter>Quelldateien</Filter>
    </ClCompile>
    <ClCompile Include="DialogStadion.cpp">
      <Filter>Quelldateien</Filter>
    </ClCompile>
    <ClCompile Include="FrameEditor.cpp">
      <Filter>Quelldateien</Filter>
    </ClCompile>
    <ClCompile Include="Toolset.cpp">
      <Filter>Quelldateien\Tools</Filter>
    </ClCompile>
    <ClCompile Include="DialogClubedit.cpp">
      <Filter>Quelldateien</Filter>
    </ClCompile>
    <ClCompile Include="DialogPlayersearch.cpp">
      <Filter>Quelldateien</Filter>
    </ClCompile>
    <ClCompile Include="DialogPlayeredit.cpp">
      <Filter>Quelldateien</Filter>
    </ClCompile>
  </ItemGroup>
  <ItemGroup>
    <ClInclude Include="App.h">
      <Filter>Headerdateien</Filter>
    </ClInclude>
    <ClInclude Include="DialogClubselect.h">
      <Filter>Headerdateien</Filter>
    </ClInclude>
    <ClInclude Include="DialogCountryselect.h">
      <Filter>Headerdateien</Filter>
    </ClInclude>
    <ClInclude Include="DialogStadion.h">
      <Filter>Headerdateien</Filter>
    </ClInclude>
    <ClInclude Include="Translator.h">
      <Filter>Headerdateien\Tools</Filter>
    </ClInclude>
    <ClInclude Include="FrameEditor.h">
      <Filter>Headerdateien</Filter>
    </ClInclude>
    <ClInclude Include="Toolset.h">
      <Filter>Headerdateien\Tools</Filter>
    </ClInclude>
    <ClInclude Include="PlayableCountries.h">
      <Filter>Headerdateien\Tools</Filter>
    </ClInclude>
    <ClInclude Include="CountriesWithLeagues.h">
      <Filter>Headerdateien\Tools</Filter>
    </ClInclude>
    <ClInclude Include="DialogClubedit.h">
      <Filter>Headerdateien</Filter>
    </ClInclude>
    <ClInclude Include="DialogPlayersearch.h">
      <Filter>Headerdateien</Filter>
    </ClInclude>
    <ClInclude Include="DialogPlayeredit.h">
      <Filter>Headerdateien</Filter>
    </ClInclude>
  </ItemGroup>
  <ItemGroup>
    <Text Include="Dependencies.txt" />
  </ItemGroup>
  <ItemGroup>
    <Xml Include="config\playablecountries.xml">
      <Filter>Ressourcendateien</Filter>
    </Xml>
    <Xml Include="config\translation.xml">
      <Filter>Ressourcendateien</Filter>
    </Xml>
    <Xml Include="config\countrieswithleagues.xml">
      <Filter>Ressourcendateien</Filter>
    </Xml>
  </ItemGroup>
  <ItemGroup>
    <None Include="logger.conf" />
  </ItemGroup>
</Project>